
Microsoft Visual Studio Solution File, Format Version 12.00
# Visual Studio 15
VisualStudioVersion = 15.0.28307.960
MinimumVisualStudioVersion = 10.0.40219.1
Project("{FAE04EC0-301F-11D3-BF4B-00C04F79EFBC}") = "AlipioWesley.EmployeeQueries.Windows", "AlipioWesley.EmployeeQueries.Windows\AlipioWesley.EmployeeQueries.Windows.csproj", "{CB4449E7-CE1C-4A53-8442-D40844F416D4}"
EndProject
Global
	GlobalSection(SolutionConfigurationPlatforms) = preSolution
		Debug|Any CPU = Debug|Any CPU
		Release|Any CPU = Release|Any CPU
	EndGlobalSection
	GlobalSection(ProjectConfigurationPlatforms) = postSolution
		{CB4449E7-CE1C-4A53-8442-D40844F416D4}.Debug|Any CPU.ActiveCfg = Debug|Any CPU
		{CB4449E7-CE1C-4A53-8442-D40844F416D4}.Debug|Any CPU.Build.0 = Debug|Any CPU
		{CB4449E7-CE1C-4A53-8442-D40844F416D4}.Release|Any CPU.ActiveCfg = Release|Any CPU
		{CB4449E7-CE1C-4A53-8442-D40844F416D4}.Release|Any CPU.Build.0 = Release|Any CPU
	EndGlobalSection
	GlobalSection(SolutionProperties) = preSolution
		HideSolutionNode = FALSE
	EndGlobalSection
	GlobalSection(ExtensibilityGlobals) = postSolution
		SolutionGuid = {974F0B18-CD45-48EC-9D97-81CB1ED04AE8}
	EndGlobalSection
EndGlobal
